
Microsoft Visual Studio Solution File, Format Version 12.00
# Visual Studio Version 16
VisualStudioVersion = 16.0.35130.168
MinimumVisualStudioVersion = 10.0.40219.1
Project("{8BC9CEB8-8B4A-11D0-8D11-00A0C91BC942}") = "Project2_DZ", "Project2_DZ.vcxproj", "{522F97AA-931A-4CA7-820C-4A7B59A21570}"
EndProject
Project("{8BC9CEB8-8B4A-11D0-8D11-00A0C91BC942}") = "Project3", "..\Project2\Project2.vcxproj", "{938702E0-5182-4BA8-8C00-D382472CC2B7}"
EndProject
Global
	GlobalSection(SolutionConfigurationPlatforms) = preSolution
		Debug|x64 = Debug|x64
		Debug|x86 = Debug|x86
		Release|x64 = Release|x64
		Release|x86 = Release|x86
	EndGlobalSection
	GlobalSection(ProjectConfigurationPlatforms) = postSolution
		{522F97AA-931A-4CA7-820C-4A7B59A21570}.Debug|x64.ActiveCfg = Debug|x64
		{522F97AA-931A-4CA7-820C-4A7B59A21570}.Debug|x64.Build.0 = Debug|x64
		{522F97AA-931A-4CA7-820C-4A7B59A21570}.Debug|x86.ActiveCfg = Debug|Win32
		{522F97AA-931A-4CA7-820C-4A7B59A21570}.Debug|x86.Build.0 = Debug|Win32
		{522F97AA-931A-4CA7-820C-4A7B59A21570}.Release|x64.ActiveCfg = Release|x64
		{522F97AA-931A-4CA7-820C-4A7B59A21570}.Release|x64.Build.0 = Release|x64
		{522F97AA-931A-4CA7-820C-4A7B59A21570}.Release|x86.ActiveCfg = Release|Win32
		{522F97AA-931A-4CA7-820C-4A7B59A21570}.Release|x86.Build.0 = Release|Win32
		{938702E0-5182-4BA8-8C00-D382472CC2B7}.Debug|x64.ActiveCfg = Debug|x64
		{938702E0-5182-4BA8-8C00-D382472CC2B7}.Debug|x64.Build.0 = Debug|x64
		{938702E0-5182-4BA8-8C00-D382472CC2B7}.Debug|x86.ActiveCfg = Debug|Win32
		{938702E0-5182-4BA8-8C00-D382472CC2B7}.Debug|x86.Build.0 = Debug|Win32
		{938702E0-5182-4BA8-8C00-D382472CC2B7}.Release|x64.ActiveCfg = Release|x64
		{938702E0-5182-4BA8-8C00-D382472CC2B7}.Release|x64.Build.0 = Release|x64
		{938702E0-5182-4BA8-8C00-D382472CC2B7}.Release|x86.ActiveCfg = Release|Win32
		{938702E0-5182-4BA8-8C00-D382472CC2B7}.Release|x86.Build.0 = Release|Win32
	EndGlobalSection
	GlobalSection(SolutionProperties) = preSolution
		HideSolutionNode = FALSE
	EndGlobalSection
	GlobalSection(ExtensibilityGlobals) = postSolution
		SolutionGuid = {E3B8FBDE-16E9-44EE-9CCB-83CF255E8AE3}
	EndGlobalSection
EndGlobal
